
Microsoft Visual Studio Solution File, Format Version 12.00
# Visual Studio Version 17
VisualStudioVersion = 17.0.32126.317
MinimumVisualStudioVersion = 10.0.40219.1
Project("{FAE04EC0-301F-11D3-BF4B-00C04F79EFBC}") = "MyLauncher", "MyLauncher\MyLauncher.csproj", "{B628FCD2-FCD9-46FB-8EBA-B6892F359D52}"
EndProject
Global
	GlobalSection(SolutionConfigurationPlatforms) = preSolution
		Debug|Any CPU = Debug|Any CPU
		Release|Any CPU = Release|Any CPU
	EndGlobalSection
	GlobalSection(ProjectConfigurationPlatforms) = postSolution
		{B628FCD2-FCD9-46FB-8EBA-B6892F359D52}.Debug|Any CPU.ActiveCfg = Debug|Any CPU
		{B628FCD2-FCD9-46FB-8EBA-B6892F359D52}.Debug|Any CPU.Build.0 = Debug|Any CPU
		{B628FCD2-FCD9-46FB-8EBA-B6892F359D52}.Release|Any CPU.ActiveCfg = Release|Any CPU
		{B628FCD2-FCD9-46FB-8EBA-B6892F359D52}.Release|Any CPU.Build.0 = Release|Any CPU
	EndGlobalSection
	GlobalSection(SolutionProperties) = preSolution
		HideSolutionNode = FALSE
	EndGlobalSection
	GlobalSection(ExtensibilityGlobals) = postSolution
		SolutionGuid = {09677C65-301E-4A10-B265-77542B1741D3}
	EndGlobalSection
EndGlobal
